// !$*UTF8*$!
{
	archiveVersion = 1;
	classes = {
	};
	objectVersion = 46;
	objects = {

/* Begin PBXBuildFile section */
		00E356F31AD99517003FC87E /* RushByRedTests.m in Sources */ = {isa = PBXBuildFile; fileRef = 00E356F21AD99517003FC87E /* RushByRedTests.m */; };
		13B07FBC1A68108700A75B9A /* AppDelegate.m in Sources */ = {isa = PBXBuildFile; fileRef = 13B07FB01A68108700A75B9A /* AppDelegate.m */; };
		13B07FBF1A68108700A75B9A /* Images.xcassets in Resources */ = {isa = PBXBuildFile; fileRef = 13B07FB51A68108700A75B9A /* Images.xcassets */; };
		13B07FC11A68108700A75B9A /* main.m in Sources */ = {isa = PBXBuildFile; fileRef = 13B07FB71A68108700A75B9A /* main.m */; };
		2D02E4BC1E0B4A80006451C7 /* AppDelegate.m in Sources */ = {isa = PBXBuildFile; fileRef = 13B07FB01A68108700A75B9A /* AppDelegate.m */; };
		2D02E4BD1E0B4A84006451C7 /* Images.xcassets in Resources */ = {isa = PBXBuildFile; fileRef = 13B07FB51A68108700A75B9A /* Images.xcassets */; };
		2D02E4BF1E0B4AB3006451C7 /* main.m in Sources */ = {isa = PBXBuildFile; fileRef = 13B07FB71A68108700A75B9A /* main.m */; };
		2DCD954D1E0B4F2C00145EB5 /* RushByRedTests.m in Sources */ = {isa = PBXBuildFile; fileRef = 00E356F21AD99517003FC87E /* RushByRedTests.m */; };
		81AB9BB82411601600AC10FF /* LaunchScreen.storyboard in Resources */ = {isa = PBXBuildFile; fileRef = 81AB9BB72411601600AC10FF /* LaunchScreen.storyboard */; };
		22EEC6D03F8D4B11B1714FA7 /* BebasNeue Bold.otf in Resources */ = {isa = PBXBuildFile; fileRef = FCE04E29BB834130A7EF1549 /* BebasNeue Bold.otf */; };
		256B41BE8D1A42C996B6E191 /* BebasNeue Book.otf in Resources */ = {isa = PBXBuildFile; fileRef = 1083440C28A145A4A3F40E7E /* BebasNeue Book.otf */; };
		B343A0060E424207B0B574FC /* BebasNeue Light.otf in Resources */ = {isa = PBXBuildFile; fileRef = 4D5684E639204E419AB29745 /* BebasNeue Light.otf */; };
		A52AB8EAC9364C9ABF0D7CF4 /* BebasNeue Regular.otf in Resources */ = {isa = PBXBuildFile; fileRef = 08455FD438C94CC29214C8C3 /* BebasNeue Regular.otf */; };
		E37CA826CC9941979D1DF21C /* BebasNeue Thin.otf in Resources */ = {isa = PBXBuildFile; fileRef = 7B4192E5F1E648D9922C53EF /* BebasNeue Thin.otf */; };
		199E1782DCB4495193FD49A0 /* Poppins-Black.ttf in Resources */ = {isa = PBXBuildFile; fileRef = 42F6C3E82F6841528F8207FC /* Poppins-Black.ttf */; };
		096ED871ECE04BC59094D2EE /* Poppins-BlackItalic.ttf in Resources */ = {isa = PBXBuildFile; fileRef = 9E741FCD0D784FBCAE057C29 /* Poppins-BlackItalic.ttf */; };
		50BEF2ED3B174A69B45DA02A /* Poppins-Bold.ttf in Resources */ = {isa = PBXBuildFile; fileRef = AAE28BA5986D4ED78CD0BAB0 /* Poppins-Bold.ttf */; };
		5AF3CB00A3574D26A8CDD525 /* Poppins-BoldItalic.ttf in Resources */ = {isa = PBXBuildFile; fileRef = 7E80E2FED7D54005967977D2 /* Poppins-BoldItalic.ttf */; };
		CB91C40709734DDF81129E80 /* Poppins-ExtraBold.ttf in Resources */ = {isa = PBXBuildFile; fileRef = 03AC57B86C93413FA2BCB007 /* Poppins-ExtraBold.ttf */; };
		938DC38D1AC14F39BED08C81 /* Poppins-ExtraBoldItalic.ttf in Resources */ = {isa = PBXBuildFile; fileRef = 3A5584F9460D4E3EB93F2D2E /* Poppins-ExtraBoldItalic.ttf */; };
		3FDFB9FB7AC0466889B47F79 /* Poppins-ExtraLight.ttf in Resources */ = {isa = PBXBuildFile; fileRef = 865B1392B78048128A4618C9 /* Poppins-ExtraLight.ttf */; };
		57DF68D2D440469BB1BC6E66 /* Poppins-ExtraLightItalic.ttf in Resources */ = {isa = PBXBuildFile; fileRef = D5869F02C0ED43C4BA0A062F /* Poppins-ExtraLightItalic.ttf */; };
		63116EA9CC404F7BAA0B417B /* Poppins-Italic.ttf in Resources */ = {isa = PBXBuildFile; fileRef = 016B1D6D42D041C892D28C04 /* Poppins-Italic.ttf */; };
		05ECAD2807FA49318C74CBBB /* Poppins-Light.ttf in Resources */ = {isa = PBXBuildFile; fileRef = 12EC7CDA54CF461CBA3731A0 /* Poppins-Light.ttf */; };
		90D36F70BF4640D68A76B165 /* Poppins-LightItalic.ttf in Resources */ = {isa = PBXBuildFile; fileRef = 632BF814FB514334B7323B18 /* Poppins-LightItalic.ttf */; };
		777AED0F8567415F81691C71 /* Poppins-Medium.ttf in Resources */ = {isa = PBXBuildFile; fileRef = 8BF526C7F4504F98B3A68AF3 /* Poppins-Medium.ttf */; };
		7F69F1CCDA8447B0BF94FC79 /* Poppins-MediumItalic.ttf in Resources */ = {isa = PBXBuildFile; fileRef = 8736C3C5FF7947B596D19EE6 /* Poppins-MediumItalic.ttf */; };
		56B653D38ED84F60AF787D7A /* Poppins-Regular.ttf in Resources */ = {isa = PBXBuildFile; fileRef = B8B20DA3BB1A45B5A3D62AFB /* Poppins-Regular.ttf */; };
		1734BEF54D404DB6A8A7AA59 /* Poppins-SemiBold.ttf in Resources */ = {isa = PBXBuildFile; fileRef = 105A1E6F93B54D9688020DE4 /* Poppins-SemiBold.ttf */; };
		D83270D7B9DB4F8EA6CB92B6 /* Poppins-SemiBoldItalic.ttf in Resources */ = {isa = PBXBuildFile; fileRef = C9D78252400F4456AB161CE1 /* Poppins-SemiBoldItalic.ttf */; };
		5109AA94DE1741149323D74B /* Poppins-Thin.ttf in Resources */ = {isa = PBXBuildFile; fileRef = 4F60F39CAAE64C9F8AC40BEC /* Poppins-Thin.ttf */; };
		941F8083DCC149EFBEF664D0 /* Poppins-ThinItalic.ttf in Resources */ = {isa = PBXBuildFile; fileRef = 191E1DBF64E4444FBF9AB9FC /* Poppins-ThinItalic.ttf */; };
		FE1E2A38280C4968A062DC02 /* SourceSansPro-Black.ttf in Resources */ = {isa = PBXBuildFile; fileRef = 77CB700312C6485AA540A83B /* SourceSansPro-Black.ttf */; };
		F0EDDD7734914E058810CC37 /* SourceSansPro-BlackItalic.ttf in Resources */ = {isa = PBXBuildFile; fileRef = 5BAFA12FDF8E4669BD1C8407 /* SourceSansPro-BlackItalic.ttf */; };
		EB9F66D366A744219904E214 /* SourceSansPro-Bold.ttf in Resources */ = {isa = PBXBuildFile; fileRef = 59235261DC89474FAA0FC159 /* SourceSansPro-Bold.ttf */; };
		74484BEB34C044698550270E /* SourceSansPro-BoldItalic.ttf in Resources */ = {isa = PBXBuildFile; fileRef = 408C056BB7364FAB9B88A886 /* SourceSansPro-BoldItalic.ttf */; };
		E214971D739D481BB8DD55BF /* SourceSansPro-ExtraLight.ttf in Resources */ = {isa = PBXBuildFile; fileRef = E09B79B18A4C4B3A883D5697 /* SourceSansPro-ExtraLight.ttf */; };
		681A64FD384E4BC88BD9ACA6 /* SourceSansPro-ExtraLightItalic.ttf in Resources */ = {isa = PBXBuildFile; fileRef = 55CEDD7B7FEA42BB91DE30C7 /* SourceSansPro-ExtraLightItalic.ttf */; };
		DB015834CB444E1191B42E83 /* SourceSansPro-Italic.ttf in Resources */ = {isa = PBXBuildFile; fileRef = E020DFB9CF0A4C7F94D8F0C6 /* SourceSansPro-Italic.ttf */; };
		90872EC2BFF44C2880154860 /* SourceSansPro-Light.ttf in Resources */ = {isa = PBXBuildFile; fileRef = D57762F5B1C545F98FB0ED2A /* SourceSansPro-Light.ttf */; };
		9ED761E7B04E4673A9E38370 /* SourceSansPro-LightItalic.ttf in Resources */ = {isa = PBXBuildFile; fileRef = 6031F654E6744DA4896D5D16 /* SourceSansPro-LightItalic.ttf */; };
		19B0B6C08F484B7AB60DB991 /* SourceSansPro-Regular.ttf in Resources */ = {isa = PBXBuildFile; fileRef = CAE43BD6B1404220AD70582E /* SourceSansPro-Regular.ttf */; };
		36C3342BE2CE4316B079236D /* SourceSansPro-SemiBold.ttf in Resources */ = {isa = PBXBuildFile; fileRef = 698C59A1D70041B7A494C57E /* SourceSansPro-SemiBold.ttf */; };
		FB95860A77474F2C85061114 /* SourceSansPro-SemiBoldItalic.ttf in Resources */ = {isa = PBXBuildFile; fileRef = 34A013AE8D2C4184A6403477 /* SourceSansPro-SemiBoldItalic.ttf */; };
		2826A0DDDEF4407A94A2A15C /* AntDesign.ttf in Resources */ = {isa = PBXBuildFile; fileRef = 8B171F3AB80E4655940446F9 /* AntDesign.ttf */; };
		1807FAC1D2264C3A91D3A392 /* Entypo.ttf in Resources */ = {isa = PBXBuildFile; fileRef = 248B41B6A9E04E1B880B145A /* Entypo.ttf */; };
		9523E146F3F545298992C097 /* EvilIcons.ttf in Resources */ = {isa = PBXBuildFile; fileRef = BDB39CDE18EA4C6D8495C25A /* EvilIcons.ttf */; };
		B9DBE8BFFA724D758AFB2986 /* Feather.ttf in Resources */ = {isa = PBXBuildFile; fileRef = 419371D2A2E943EAB2F7722E /* Feather.ttf */; };
		8BA78F33F52141BD8449FA92 /* FontAwesome.ttf in Resources */ = {isa = PBXBuildFile; fileRef = C8F422D7E3444AC88C3DD3CE /* FontAwesome.ttf */; };
		E15F794607784B8EA8D4E71B /* FontAwesome5_Brands.ttf in Resources */ = {isa = PBXBuildFile; fileRef = 8DB7CDD9ED8F45A49F973DE0 /* FontAwesome5_Brands.ttf */; };
		42370AF5981A47D1A45BEA23 /* FontAwesome5_Regular.ttf in Resources */ = {isa = PBXBuildFile; fileRef = 46A0DDF70253421D9E22830B /* FontAwesome5_Regular.ttf */; };
		6E760FB9B8444E2FA3EF7D00 /* FontAwesome5_Solid.ttf in Resources */ = {isa = PBXBuildFile; fileRef = 6698F6C6495D4E61948B8CD8 /* FontAwesome5_Solid.ttf */; };
		3D249868FF5B447EBDEDC31F /* Fontisto.ttf in Resources */ = {isa = PBXBuildFile; fileRef = 310444BA5132408BA215200A /* Fontisto.ttf */; };
		81F7FE076F1C47C88198DA03 /* Foundation.ttf in Resources */ = {isa = PBXBuildFile; fileRef = 902871D814FC480CA3E763C7 /* Foundation.ttf */; };
		23D46006F5B74E27BE9ED719 /* Ionicons.ttf in Resources */ = {isa = PBXBuildFile; fileRef = 38E3DBDE8A8643FC8B283A22 /* Ionicons.ttf */; };
		CC54C4C118644066A4B89F1D /* MaterialCommunityIcons.ttf in Resources */ = {isa = PBXBuildFile; fileRef = EC886AD4882D4E9CA81411E4 /* MaterialCommunityIcons.ttf */; };
		9BF981DA09E34A339A43FF61 /* MaterialIcons.ttf in Resources */ = {isa = PBXBuildFile; fileRef = 62A9CD45AAF14B9E9976C291 /* MaterialIcons.ttf */; };
		C9299BF94E6A42A8B259B931 /* Octicons.ttf in Resources */ = {isa = PBXBuildFile; fileRef = F67F08077D544B18A7ED2394 /* Octicons.ttf */; };
		A3E037CB74214A24BDC1F604 /* Roboto_medium.ttf in Resources */ = {isa = PBXBuildFile; fileRef = 64CD7D0266BA41CAA89650E4 /* Roboto_medium.ttf */; };
		1229F8AE7A6B4D34B13AAA39 /* Roboto.ttf in Resources */ = {isa = PBXBuildFile; fileRef = 5643FF93FD654734A2706D6F /* Roboto.ttf */; };
		3F9941C938F54D3386576C8D /* rubicon-icon-font.ttf in Resources */ = {isa = PBXBuildFile; fileRef = 2B700AE85DC7400497F49008 /* rubicon-icon-font.ttf */; };
		791B30F6E5A04251B722B3D8 /* SimpleLineIcons.ttf in Resources */ = {isa = PBXBuildFile; fileRef = AAA386AF3DE942F488C6D2F4 /* SimpleLineIcons.ttf */; };
		D5E6546A012E468AB3DA5E0E /* Zocial.ttf in Resources */ = {isa = PBXBuildFile; fileRef = BAA02BD215CF4DCA8AEE76DE /* Zocial.ttf */; };
/* End PBXBuildFile section */

/* Begin PBXContainerItemProxy section */
		00E356F41AD99517003FC87E /* PBXContainerItemProxy */ = {
			isa = PBXContainerItemProxy;
			containerPortal = 83CBB9F71A601CBA00E9B192 /* Project object */;
			proxyType = 1;
			remoteGlobalIDString = 13B07F861A680F5B00A75B9A;
			remoteInfo = RushByRed;
		};
		2D02E4911E0B4A5D006451C7 /* PBXContainerItemProxy */ = {
			isa = PBXContainerItemProxy;
			containerPortal = 83CBB9F71A601CBA00E9B192 /* Project object */;
			proxyType = 1;
			remoteGlobalIDString = 2D02E47A1E0B4A5D006451C7;
			remoteInfo = "RushByRed-tvOS";
		};
/* End PBXContainerItemProxy section */

/* Begin PBXFileReference section */
		008F07F21AC5B25A0029DE68 /* main.jsbundle */ = {isa = PBXFileReference; fileEncoding = 4; lastKnownFileType = text; path = main.jsbundle; sourceTree = "<group>"; };
		00E356EE1AD99517003FC87E /* RushByRedTests.xctest */ = {isa = PBXFileReference; explicitFileType = wrapper.cfbundle; includeInIndex = 0; path = RushByRedTests.xctest; sourceTree = BUILT_PRODUCTS_DIR; };
		00E356F11AD99517003FC87E /* Info.plist */ = {isa = PBXFileReference; lastKnownFileType = text.plist.xml; path = Info.plist; sourceTree = "<group>"; };
		00E356F21AD99517003FC87E /* RushByRedTests.m */ = {isa = PBXFileReference; lastKnownFileType = sourcecode.c.objc; path = RushByRedTests.m; sourceTree = "<group>"; };
		13B07F961A680F5B00A75B9A /* RushByRed.app */ = {isa = PBXFileReference; explicitFileType = wrapper.application; includeInIndex = 0; path = RushByRed.app; sourceTree = BUILT_PRODUCTS_DIR; };
		13B07FAF1A68108700A75B9A /* AppDelegate.h */ = {isa = PBXFileReference; fileEncoding = 4; lastKnownFileType = sourcecode.c.h; name = AppDelegate.h; path = RushByRed/AppDelegate.h; sourceTree = "<group>"; };
		13B07FB01A68108700A75B9A /* AppDelegate.m */ = {isa = PBXFileReference; fileEncoding = 4; lastKnownFileType = sourcecode.c.objc; name = AppDelegate.m; path = RushByRed/AppDelegate.m; sourceTree = "<group>"; };
		13B07FB51A68108700A75B9A /* Images.xcassets */ = {isa = PBXFileReference; lastKnownFileType = folder.assetcatalog; name = Images.xcassets; path = RushByRed/Images.xcassets; sourceTree = "<group>"; };
		13B07FB61A68108700A75B9A /* Info.plist */ = {isa = PBXFileReference; fileEncoding = 4; lastKnownFileType = text.plist.xml; name = Info.plist; path = RushByRed/Info.plist; sourceTree = "<group>"; };
		13B07FB71A68108700A75B9A /* main.m */ = {isa = PBXFileReference; fileEncoding = 4; lastKnownFileType = sourcecode.c.objc; name = main.m; path = RushByRed/main.m; sourceTree = "<group>"; };
		2D02E47B1E0B4A5D006451C7 /* RushByRed-tvOS.app */ = {isa = PBXFileReference; explicitFileType = wrapper.application; includeInIndex = 0; path = "RushByRed-tvOS.app"; sourceTree = BUILT_PRODUCTS_DIR; };
		2D02E4901E0B4A5D006451C7 /* RushByRed-tvOSTests.xctest */ = {isa = PBXFileReference; explicitFileType = wrapper.cfbundle; includeInIndex = 0; path = "RushByRed-tvOSTests.xctest"; sourceTree = BUILT_PRODUCTS_DIR; };
		81AB9BB72411601600AC10FF /* LaunchScreen.storyboard */ = {isa = PBXFileReference; fileEncoding = 4; lastKnownFileType = file.storyboard; name = LaunchScreen.storyboard; path = RushByRed/LaunchScreen.storyboard; sourceTree = "<group>"; };
		ED297162215061F000B7C4FE /* JavaScriptCore.framework */ = {isa = PBXFileReference; lastKnownFileType = wrapper.framework; name = JavaScriptCore.framework; path = System/Library/Frameworks/JavaScriptCore.framework; sourceTree = SDKROOT; };
		ED2971642150620600B7C4FE /* JavaScriptCore.framework */ = {isa = PBXFileReference; lastKnownFileType = wrapper.framework; name = JavaScriptCore.framework; path = Platforms/AppleTVOS.platform/Developer/SDKs/AppleTVOS12.0.sdk/System/Library/Frameworks/JavaScriptCore.framework; sourceTree = DEVELOPER_DIR; };
		FCE04E29BB834130A7EF1549 /* BebasNeue Bold.otf */ = {isa = PBXFileReference; name = "BebasNeue Bold.otf"; path = "../Font/BebasNeue Bold.otf"; sourceTree = "<group>"; fileEncoding = undefined; lastKnownFileType = unknown; explicitFileType = undefined; includeInIndex = 0; };
		1083440C28A145A4A3F40E7E /* BebasNeue Book.otf */ = {isa = PBXFileReference; name = "BebasNeue Book.otf"; path = "../Font/BebasNeue Book.otf"; sourceTree = "<group>"; fileEncoding = undefined; lastKnownFileType = unknown; explicitFileType = undefined; includeInIndex = 0; };
		4D5684E639204E419AB29745 /* BebasNeue Light.otf */ = {isa = PBXFileReference; name = "BebasNeue Light.otf"; path = "../Font/BebasNeue Light.otf"; sourceTree = "<group>"; fileEncoding = undefined; lastKnownFileType = unknown; explicitFileType = undefined; includeInIndex = 0; };
		08455FD438C94CC29214C8C3 /* BebasNeue Regular.otf */ = {isa = PBXFileReference; name = "BebasNeue Regular.otf"; path = "../Font/BebasNeue Regular.otf"; sourceTree = "<group>"; fileEncoding = undefined; lastKnownFileType = unknown; explicitFileType = undefined; includeInIndex = 0; };
		7B4192E5F1E648D9922C53EF /* BebasNeue Thin.otf */ = {isa = PBXFileReference; name = "BebasNeue Thin.otf"; path = "../Font/BebasNeue Thin.otf"; sourceTree = "<group>"; fileEncoding = undefined; lastKnownFileType = unknown; explicitFileType = undefined; includeInIndex = 0; };
		42F6C3E82F6841528F8207FC /* Poppins-Black.ttf */ = {isa = PBXFileReference; name = "Poppins-Black.ttf"; path = "../Font/Poppins-Black.ttf"; sourceTree = "<group>"; fileEncoding = undefined; lastKnownFileType = unknown; explicitFileType = undefined; includeInIndex = 0; };
		9E741FCD0D784FBCAE057C29 /* Poppins-BlackItalic.ttf */ = {isa = PBXFileReference; name = "Poppins-BlackItalic.ttf"; path = "../Font/Poppins-BlackItalic.ttf"; sourceTree = "<group>"; fileEncoding = undefined; lastKnownFileType = unknown; explicitFileType = undefined; includeInIndex = 0; };
		AAE28BA5986D4ED78CD0BAB0 /* Poppins-Bold.ttf */ = {isa = PBXFileReference; name = "Poppins-Bold.ttf"; path = "../Font/Poppins-Bold.ttf"; sourceTree = "<group>"; fileEncoding = undefined; lastKnownFileType = unknown; explicitFileType = undefined; includeInIndex = 0; };
		7E80E2FED7D54005967977D2 /* Poppins-BoldItalic.ttf */ = {isa = PBXFileReference; name = "Poppins-BoldItalic.ttf"; path = "../Font/Poppins-BoldItalic.ttf"; sourceTree = "<group>"; fileEncoding = undefined; lastKnownFileType = unknown; explicitFileType = undefined; includeInIndex = 0; };
		03AC57B86C93413FA2BCB007 /* Poppins-ExtraBold.ttf */ = {isa = PBXFileReference; name = "Poppins-ExtraBold.ttf"; path = "../Font/Poppins-ExtraBold.ttf"; sourceTree = "<group>"; fileEncoding = undefined; lastKnownFileType = unknown; explicitFileType = undefined; includeInIndex = 0; };
		3A5584F9460D4E3EB93F2D2E /* Poppins-ExtraBoldItalic.ttf */ = {isa = PBXFileReference; name = "Poppins-ExtraBoldItalic.ttf"; path = "../Font/Poppins-ExtraBoldItalic.ttf"; sourceTree = "<group>"; fileEncoding = undefined; lastKnownFileType = unknown; explicitFileType = undefined; includeInIndex = 0; };
		865B1392B78048128A4618C9 /* Poppins-ExtraLight.ttf */ = {isa = PBXFileReference; name = "Poppins-ExtraLight.ttf"; path = "../Font/Poppins-ExtraLight.ttf"; sourceTree = "<group>"; fileEncoding = undefined; lastKnownFileType = unknown; explicitFileType = undefined; includeInIndex = 0; };
		D5869F02C0ED43C4BA0A062F /* Poppins-ExtraLightItalic.ttf */ = {isa = PBXFileReference; name = "Poppins-ExtraLightItalic.ttf"; path = "../Font/Poppins-ExtraLightItalic.ttf"; sourceTree = "<group>"; fileEncoding = undefined; lastKnownFileType = unknown; explicitFileType = undefined; includeInIndex = 0; };
		016B1D6D42D041C892D28C04 /* Poppins-Italic.ttf */ = {isa = PBXFileReference; name = "Poppins-Italic.ttf"; path = "../Font/Poppins-Italic.ttf"; sourceTree = "<group>"; fileEncoding = undefined; lastKnownFileType = unknown; explicitFileType = undefined; includeInIndex = 0; };
		12EC7CDA54CF461CBA3731A0 /* Poppins-Light.ttf */ = {isa = PBXFileReference; name = "Poppins-Light.ttf"; path = "../Font/Poppins-Light.ttf"; sourceTree = "<group>"; fileEncoding = undefined; lastKnownFileType = unknown; explicitFileType = undefined; includeInIndex = 0; };
		632BF814FB514334B7323B18 /* Poppins-LightItalic.ttf */ = {isa = PBXFileReference; name = "Poppins-LightItalic.ttf"; path = "../Font/Poppins-LightItalic.ttf"; sourceTree = "<group>"; fileEncoding = undefined; lastKnownFileType = unknown; explicitFileType = undefined; includeInIndex = 0; };
		8BF526C7F4504F98B3A68AF3 /* Poppins-Medium.ttf */ = {isa = PBXFileReference; name = "Poppins-Medium.ttf"; path = "../Font/Poppins-Medium.ttf"; sourceTree = "<group>"; fileEncoding = undefined; lastKnownFileType = unknown; explicitFileType = undefined; includeInIndex = 0; };
		8736C3C5FF7947B596D19EE6 /* Poppins-MediumItalic.ttf */ = {isa = PBXFileReference; name = "Poppins-MediumItalic.ttf"; path = "../Font/Poppins-MediumItalic.ttf"; sourceTree = "<group>"; fileEncoding = undefined; lastKnownFileType = unknown; explicitFileType = undefined; includeInIndex = 0; };
		B8B20DA3BB1A45B5A3D62AFB /* Poppins-Regular.ttf */ = {isa = PBXFileReference; name = "Poppins-Regular.ttf"; path = "../Font/Poppins-Regular.ttf"; sourceTree = "<group>"; fileEncoding = undefined; lastKnownFileType = unknown; explicitFileType = undefined; includeInIndex = 0; };
		105A1E6F93B54D9688020DE4 /* Poppins-SemiBold.ttf */ = {isa = PBXFileReference; name = "Poppins-SemiBold.ttf"; path = "../Font/Poppins-SemiBold.ttf"; sourceTree = "<group>"; fileEncoding = undefined; lastKnownFileType = unknown; explicitFileType = undefined; includeInIndex = 0; };
		C9D78252400F4456AB161CE1 /* Poppins-SemiBoldItalic.ttf */ = {isa = PBXFileReference; name = "Poppins-SemiBoldItalic.ttf"; path = "../Font/Poppins-SemiBoldItalic.ttf"; sourceTree = "<group>"; fileEncoding = undefined; lastKnownFileType = unknown; explicitFileType = undefined; includeInIndex = 0; };
		4F60F39CAAE64C9F8AC40BEC /* Poppins-Thin.ttf */ = {isa = PBXFileReference; name = "Poppins-Thin.ttf"; path = "../Font/Poppins-Thin.ttf"; sourceTree = "<group>"; fileEncoding = undefined; lastKnownFileType = unknown; explicitFileType = undefined; includeInIndex = 0; };
		191E1DBF64E4444FBF9AB9FC /* Poppins-ThinItalic.ttf */ = {isa = PBXFileReference; name = "Poppins-ThinItalic.ttf"; path = "../Font/Poppins-ThinItalic.ttf"; sourceTree = "<group>"; fileEncoding = undefined; lastKnownFileType = unknown; explicitFileType = undefined; includeInIndex = 0; };
		77CB700312C6485AA540A83B /* SourceSansPro-Black.ttf */ = {isa = PBXFileReference; name = "SourceSansPro-Black.ttf"; path = "../Font/SourceSansPro-Black.ttf"; sourceTree = "<group>"; fileEncoding = undefined; lastKnownFileType = unknown; explicitFileType = undefined; includeInIndex = 0; };
		5BAFA12FDF8E4669BD1C8407 /* SourceSansPro-BlackItalic.ttf */ = {isa = PBXFileReference; name = "SourceSansPro-BlackItalic.ttf"; path = "../Font/SourceSansPro-BlackItalic.ttf"; sourceTree = "<group>"; fileEncoding = undefined; lastKnownFileType = unknown; explicitFileType = undefined; includeInIndex = 0; };
		59235261DC89474FAA0FC159 /* SourceSansPro-Bold.ttf */ = {isa = PBXFileReference; name = "SourceSansPro-Bold.ttf"; path = "../Font/SourceSansPro-Bold.ttf"; sourceTree = "<group>"; fileEncoding = undefined; lastKnownFileType = unknown; explicitFileType = undefined; includeInIndex = 0; };
		408C056BB7364FAB9B88A886 /* SourceSansPro-BoldItalic.ttf */ = {isa = PBXFileReference; name = "SourceSansPro-BoldItalic.ttf"; path = "../Font/SourceSansPro-BoldItalic.ttf"; sourceTree = "<group>"; fileEncoding = undefined; lastKnownFileType = unknown; explicitFileType = undefined; includeInIndex = 0; };
		E09B79B18A4C4B3A883D5697 /* SourceSansPro-ExtraLight.ttf */ = {isa = PBXFileReference; name = "SourceSansPro-ExtraLight.ttf"; path = "../Font/SourceSansPro-ExtraLight.ttf"; sourceTree = "<group>"; fileEncoding = undefined; lastKnownFileType = unknown; explicitFileType = undefined; includeInIndex = 0; };
		55CEDD7B7FEA42BB91DE30C7 /* SourceSansPro-ExtraLightItalic.ttf */ = {isa = PBXFileReference; name = "SourceSansPro-ExtraLightItalic.ttf"; path = "../Font/SourceSansPro-ExtraLightItalic.ttf"; sourceTree = "<group>"; fileEncoding = undefined; lastKnownFileType = unknown; explicitFileType = undefined; includeInIndex = 0; };
		E020DFB9CF0A4C7F94D8F0C6 /* SourceSansPro-Italic.ttf */ = {isa = PBXFileReference; name = "SourceSansPro-Italic.ttf"; path = "../Font/SourceSansPro-Italic.ttf"; sourceTree = "<group>"; fileEncoding = undefined; lastKnownFileType = unknown; explicitFileType = undefined; includeInIndex = 0; };
		D57762F5B1C545F98FB0ED2A /* SourceSansPro-Light.ttf */ = {isa = PBXFileReference; name = "SourceSansPro-Light.ttf"; path = "../Font/SourceSansPro-Light.ttf"; sourceTree = "<group>"; fileEncoding = undefined; lastKnownFileType = unknown; explicitFileType = undefined; includeInIndex = 0; };
		6031F654E6744DA4896D5D16 /* SourceSansPro-LightItalic.ttf */ = {isa = PBXFileReference; name = "SourceSansPro-LightItalic.ttf"; path = "../Font/SourceSansPro-LightItalic.ttf"; sourceTree = "<group>"; fileEncoding = undefined; lastKnownFileType = unknown; explicitFileType = undefined; includeInIndex = 0; };
		CAE43BD6B1404220AD70582E /* SourceSansPro-Regular.ttf */ = {isa = PBXFileReference; name = "SourceSansPro-Regular.ttf"; path = "../Font/SourceSansPro-Regular.ttf"; sourceTree = "<group>"; fileEncoding = undefined; lastKnownFileType = unknown; explicitFileType = undefined; includeInIndex = 0; };
		698C59A1D70041B7A494C57E /* SourceSansPro-SemiBold.ttf */ = {isa = PBXFileReference; name = "SourceSansPro-SemiBold.ttf"; path = "../Font/SourceSansPro-SemiBold.ttf"; sourceTree = "<group>"; fileEncoding = undefined; lastKnownFileType = unknown; explicitFileType = undefined; includeInIndex = 0; };
		34A013AE8D2C4184A6403477 /* SourceSansPro-SemiBoldItalic.ttf */ = {isa = PBXFileReference; name = "SourceSansPro-SemiBoldItalic.ttf"; path = "../Font/SourceSansPro-SemiBoldItalic.ttf"; sourceTree = "<group>"; fileEncoding = undefined; lastKnownFileType = unknown; explicitFileType = undefined; includeInIndex = 0; };
		8B171F3AB80E4655940446F9 /* AntDesign.ttf */ = {isa = PBXFileReference; name = "AntDesign.ttf"; path = "../node_modules/native-base/Fonts/AntDesign.ttf"; sourceTree = "<group>"; fileEncoding = undefined; lastKnownFileType = unknown; explicitFileType = undefined; includeInIndex = 0; };
		248B41B6A9E04E1B880B145A /* Entypo.ttf */ = {isa = PBXFileReference; name = "Entypo.ttf"; path = "../node_modules/native-base/Fonts/Entypo.ttf"; sourceTree = "<group>"; fileEncoding = undefined; lastKnownFileType = unknown; explicitFileType = undefined; includeInIndex = 0; };
		BDB39CDE18EA4C6D8495C25A /* EvilIcons.ttf */ = {isa = PBXFileReference; name = "EvilIcons.ttf"; path = "../node_modules/native-base/Fonts/EvilIcons.ttf"; sourceTree = "<group>"; fileEncoding = undefined; lastKnownFileType = unknown; explicitFileType = undefined; includeInIndex = 0; };
		419371D2A2E943EAB2F7722E /* Feather.ttf */ = {isa = PBXFileReference; name = "Feather.ttf"; path = "../node_modules/native-base/Fonts/Feather.ttf"; sourceTree = "<group>"; fileEncoding = undefined; lastKnownFileType = unknown; explicitFileType = undefined; includeInIndex = 0; };
		C8F422D7E3444AC88C3DD3CE /* FontAwesome.ttf */ = {isa = PBXFileReference; name = "FontAwesome.ttf"; path = "../node_modules/native-base/Fonts/FontAwesome.ttf"; sourceTree = "<group>"; fileEncoding = undefined; lastKnownFileType = unknown; explicitFileType = undefined; includeInIndex = 0; };
		8DB7CDD9ED8F45A49F973DE0 /* FontAwesome5_Brands.ttf */ = {isa = PBXFileReference; name = "FontAwesome5_Brands.ttf"; path = "../node_modules/native-base/Fonts/FontAwesome5_Brands.ttf"; sourceTree = "<group>"; fileEncoding = undefined; lastKnownFileType = unknown; explicitFileType = undefined; includeInIndex = 0; };
		46A0DDF70253421D9E22830B /* FontAwesome5_Regular.ttf */ = {isa = PBXFileReference; name = "FontAwesome5_Regular.ttf"; path = "../node_modules/native-base/Fonts/FontAwesome5_Regular.ttf"; sourceTree = "<group>"; fileEncoding = undefined; lastKnownFileType = unknown; explicitFileType = undefined; includeInIndex = 0; };
		6698F6C6495D4E61948B8CD8 /* FontAwesome5_Solid.ttf */ = {isa = PBXFileReference; name = "FontAwesome5_Solid.ttf"; path = "../node_modules/native-base/Fonts/FontAwesome5_Solid.ttf"; sourceTree = "<group>"; fileEncoding = undefined; lastKnownFileType = unknown; explicitFileType = undefined; includeInIndex = 0; };
		310444BA5132408BA215200A /* Fontisto.ttf */ = {isa = PBXFileReference; name = "Fontisto.ttf"; path = "../node_modules/native-base/Fonts/Fontisto.ttf"; sourceTree = "<group>"; fileEncoding = undefined; lastKnownFileType = unknown; explicitFileType = undefined; includeInIndex = 0; };
		902871D814FC480CA3E763C7 /* Foundation.ttf */ = {isa = PBXFileReference; name = "Foundation.ttf"; path = "../node_modules/native-base/Fonts/Foundation.ttf"; sourceTree = "<group>"; fileEncoding = undefined; lastKnownFileType = unknown; explicitFileType = undefined; includeInIndex = 0; };
		38E3DBDE8A8643FC8B283A22 /* Ionicons.ttf */ = {isa = PBXFileReference; name = "Ionicons.ttf"; path = "../node_modules/native-base/Fonts/Ionicons.ttf"; sourceTree = "<group>"; fileEncoding = undefined; lastKnownFileType = unknown; explicitFileType = undefined; includeInIndex = 0; };
		EC886AD4882D4E9CA81411E4 /* MaterialCommunityIcons.ttf */ = {isa = PBXFileReference; name = "MaterialCommunityIcons.ttf"; path = "../node_modules/native-base/Fonts/MaterialCommunityIcons.ttf"; sourceTree = "<group>"; fileEncoding = undefined; lastKnownFileType = unknown; explicitFileType = undefined; includeInIndex = 0; };
		62A9CD45AAF14B9E9976C291 /* MaterialIcons.ttf */ = {isa = PBXFileReference; name = "MaterialIcons.ttf"; path = "../node_modules/native-base/Fonts/MaterialIcons.ttf"; sourceTree = "<group>"; fileEncoding = undefined; lastKnownFileType = unknown; explicitFileType = undefined; includeInIndex = 0; };
		F67F08077D544B18A7ED2394 /* Octicons.ttf */ = {isa = PBXFileReference; name = "Octicons.ttf"; path = "../node_modules/native-base/Fonts/Octicons.ttf"; sourceTree = "<group>"; fileEncoding = undefined; lastKnownFileType = unknown; explicitFileType = undefined; includeInIndex = 0; };
		64CD7D0266BA41CAA89650E4 /* Roboto_medium.ttf */ = {isa = PBXFileReference; name = "Roboto_medium.ttf"; path = "../node_modules/native-base/Fonts/Roboto_medium.ttf"; sourceTree = "<group>"; fileEncoding = undefined; lastKnownFileType = unknown; explicitFileType = undefined; includeInIndex = 0; };
		5643FF93FD654734A2706D6F /* Roboto.ttf */ = {isa = PBXFileReference; name = "Roboto.ttf"; path = "../node_modules/native-base/Fonts/Roboto.ttf"; sourceTree = "<group>"; fileEncoding = undefined; lastKnownFileType = unknown; explicitFileType = undefined; includeInIndex = 0; };
		2B700AE85DC7400497F49008 /* rubicon-icon-font.ttf */ = {isa = PBXFileReference; name = "rubicon-icon-font.ttf"; path = "../node_modules/native-base/Fonts/rubicon-icon-font.ttf"; sourceTree = "<group>"; fileEncoding = undefined; lastKnownFileType = unknown; explicitFileType = undefined; includeInIndex = 0; };
		AAA386AF3DE942F488C6D2F4 /* SimpleLineIcons.ttf */ = {isa = PBXFileReference; name = "SimpleLineIcons.ttf"; path = "../node_modules/native-base/Fonts/SimpleLineIcons.ttf"; sourceTree = "<group>"; fileEncoding = undefined; lastKnownFileType = unknown; explicitFileType = undefined; includeInIndex = 0; };
		BAA02BD215CF4DCA8AEE76DE /* Zocial.ttf */ = {isa = PBXFileReference; name = "Zocial.ttf"; path = "../node_modules/native-base/Fonts/Zocial.ttf"; sourceTree = "<group>"; fileEncoding = undefined; lastKnownFileType = unknown; explicitFileType = undefined; includeInIndex = 0; };
/* End PBXFileReference section */

/* Begin PBXFrameworksBuildPhase section */
		00E356EB1AD99517003FC87E /* Frameworks */ = {
			isa = PBXFrameworksBuildPhase;
			buildActionMask = 2147483647;
			files = (
			);
			runOnlyForDeploymentPostprocessing = 0;
		};
		13B07F8C1A680F5B00A75B9A /* Frameworks */ = {
			isa = PBXFrameworksBuildPhase;
			buildActionMask = 2147483647;
			files = (
			);
			runOnlyForDeploymentPostprocessing = 0;
		};
		2D02E4781E0B4A5D006451C7 /* Frameworks */ = {
			isa = PBXFrameworksBuildPhase;
			buildActionMask = 2147483647;
			files = (
			);
			runOnlyForDeploymentPostprocessing = 0;
		};
		2D02E48D1E0B4A5D006451C7 /* Frameworks */ = {
			isa = PBXFrameworksBuildPhase;
			buildActionMask = 2147483647;
			files = (
			);
			runOnlyForDeploymentPostprocessing = 0;
		};
/* End PBXFrameworksBuildPhase section */

/* Begin PBXGroup section */
		00E356EF1AD99517003FC87E /* RushByRedTests */ = {
			isa = PBXGroup;
			children = (
				00E356F21AD99517003FC87E /* RushByRedTests.m */,
				00E356F01AD99517003FC87E /* Supporting Files */,
			);
			path = RushByRedTests;
			sourceTree = "<group>";
		};
		00E356F01AD99517003FC87E /* Supporting Files */ = {
			isa = PBXGroup;
			children = (
				00E356F11AD99517003FC87E /* Info.plist */,
			);
			name = "Supporting Files";
			sourceTree = "<group>";
		};
		13B07FAE1A68108700A75B9A /* RushByRed */ = {
			isa = PBXGroup;
			children = (
				008F07F21AC5B25A0029DE68 /* main.jsbundle */,
				13B07FAF1A68108700A75B9A /* AppDelegate.h */,
				13B07FB01A68108700A75B9A /* AppDelegate.m */,
				13B07FB51A68108700A75B9A /* Images.xcassets */,
				13B07FB61A68108700A75B9A /* Info.plist */,
				81AB9BB72411601600AC10FF /* LaunchScreen.storyboard */,
				13B07FB71A68108700A75B9A /* main.m */,
			);
			name = RushByRed;
			sourceTree = "<group>";
		};
		2D16E6871FA4F8E400B85C8A /* Frameworks */ = {
			isa = PBXGroup;
			children = (
				ED297162215061F000B7C4FE /* JavaScriptCore.framework */,
				ED2971642150620600B7C4FE /* JavaScriptCore.framework */,
			);
			name = Frameworks;
			sourceTree = "<group>";
		};
		832341AE1AAA6A7D00B99B32 /* Libraries */ = {
			isa = PBXGroup;
			children = (
			);
			name = Libraries;
			sourceTree = "<group>";
		};
		83CBB9F61A601CBA00E9B192 = {
			isa = PBXGroup;
			children = (
				13B07FAE1A68108700A75B9A /* RushByRed */,
				832341AE1AAA6A7D00B99B32 /* Libraries */,
				00E356EF1AD99517003FC87E /* RushByRedTests */,
				83CBBA001A601CBA00E9B192 /* Products */,
				2D16E6871FA4F8E400B85C8A /* Frameworks */,
				A611FC7BA2D04395BF09C334 /* Resources */,
			);
			indentWidth = 2;
			sourceTree = "<group>";
			tabWidth = 2;
			usesTabs = 0;
		};
		83CBBA001A601CBA00E9B192 /* Products */ = {
			isa = PBXGroup;
			children = (
				13B07F961A680F5B00A75B9A /* RushByRed.app */,
				00E356EE1AD99517003FC87E /* RushByRedTests.xctest */,
				2D02E47B1E0B4A5D006451C7 /* RushByRed-tvOS.app */,
				2D02E4901E0B4A5D006451C7 /* RushByRed-tvOSTests.xctest */,
			);
			name = Products;
			sourceTree = "<group>";
		};
		A611FC7BA2D04395BF09C334 /* Resources */ = {
			isa = "PBXGroup";
			children = (
				FCE04E29BB834130A7EF1549 /* BebasNeue Bold.otf */,
				1083440C28A145A4A3F40E7E /* BebasNeue Book.otf */,
				4D5684E639204E419AB29745 /* BebasNeue Light.otf */,
				08455FD438C94CC29214C8C3 /* BebasNeue Regular.otf */,
				7B4192E5F1E648D9922C53EF /* BebasNeue Thin.otf */,
				42F6C3E82F6841528F8207FC /* Poppins-Black.ttf */,
				9E741FCD0D784FBCAE057C29 /* Poppins-BlackItalic.ttf */,
				AAE28BA5986D4ED78CD0BAB0 /* Poppins-Bold.ttf */,
				7E80E2FED7D54005967977D2 /* Poppins-BoldItalic.ttf */,
				03AC57B86C93413FA2BCB007 /* Poppins-ExtraBold.ttf */,
				3A5584F9460D4E3EB93F2D2E /* Poppins-ExtraBoldItalic.ttf */,
				865B1392B78048128A4618C9 /* Poppins-ExtraLight.ttf */,
				D5869F02C0ED43C4BA0A062F /* Poppins-ExtraLightItalic.ttf */,
				016B1D6D42D041C892D28C04 /* Poppins-Italic.ttf */,
				12EC7CDA54CF461CBA3731A0 /* Poppins-Light.ttf */,
				632BF814FB514334B7323B18 /* Poppins-LightItalic.ttf */,
				8BF526C7F4504F98B3A68AF3 /* Poppins-Medium.ttf */,
				8736C3C5FF7947B596D19EE6 /* Poppins-MediumItalic.ttf */,
				B8B20DA3BB1A45B5A3D62AFB /* Poppins-Regular.ttf */,
				105A1E6F93B54D9688020DE4 /* Poppins-SemiBold.ttf */,
				C9D78252400F4456AB161CE1 /* Poppins-SemiBoldItalic.ttf */,
				4F60F39CAAE64C9F8AC40BEC /* Poppins-Thin.ttf */,
				191E1DBF64E4444FBF9AB9FC /* Poppins-ThinItalic.ttf */,
				77CB700312C6485AA540A83B /* SourceSansPro-Black.ttf */,
				5BAFA12FDF8E4669BD1C8407 /* SourceSansPro-BlackItalic.ttf */,
				59235261DC89474FAA0FC159 /* SourceSansPro-Bold.ttf */,
				408C056BB7364FAB9B88A886 /* SourceSansPro-BoldItalic.ttf */,
				E09B79B18A4C4B3A883D5697 /* SourceSansPro-ExtraLight.ttf */,
				55CEDD7B7FEA42BB91DE30C7 /* SourceSansPro-ExtraLightItalic.ttf */,
				E020DFB9CF0A4C7F94D8F0C6 /* SourceSansPro-Italic.ttf */,
				D57762F5B1C545F98FB0ED2A /* SourceSansPro-Light.ttf */,
				6031F654E6744DA4896D5D16 /* SourceSansPro-LightItalic.ttf */,
				CAE43BD6B1404220AD70582E /* SourceSansPro-Regular.ttf */,
				698C59A1D70041B7A494C57E /* SourceSansPro-SemiBold.ttf */,
				34A013AE8D2C4184A6403477 /* SourceSansPro-SemiBoldItalic.ttf */,
				8B171F3AB80E4655940446F9 /* AntDesign.ttf */,
				248B41B6A9E04E1B880B145A /* Entypo.ttf */,
				BDB39CDE18EA4C6D8495C25A /* EvilIcons.ttf */,
				419371D2A2E943EAB2F7722E /* Feather.ttf */,
				C8F422D7E3444AC88C3DD3CE /* FontAwesome.ttf */,
				8DB7CDD9ED8F45A49F973DE0 /* FontAwesome5_Brands.ttf */,
				46A0DDF70253421D9E22830B /* FontAwesome5_Regular.ttf */,
				6698F6C6495D4E61948B8CD8 /* FontAwesome5_Solid.ttf */,
				310444BA5132408BA215200A /* Fontisto.ttf */,
				902871D814FC480CA3E763C7 /* Foundation.ttf */,
				38E3DBDE8A8643FC8B283A22 /* Ionicons.ttf */,
				EC886AD4882D4E9CA81411E4 /* MaterialCommunityIcons.ttf */,
				62A9CD45AAF14B9E9976C291 /* MaterialIcons.ttf */,
				F67F08077D544B18A7ED2394 /* Octicons.ttf */,
				64CD7D0266BA41CAA89650E4 /* Roboto_medium.ttf */,
				5643FF93FD654734A2706D6F /* Roboto.ttf */,
				2B700AE85DC7400497F49008 /* rubicon-icon-font.ttf */,
				AAA386AF3DE942F488C6D2F4 /* SimpleLineIcons.ttf */,
				BAA02BD215CF4DCA8AEE76DE /* Zocial.ttf */,
			);
			name = Resources;
			sourceTree = "<group>";
			path = "";
		};
/* End PBXGroup section */

/* Begin PBXNativeTarget section */
		00E356ED1AD99517003FC87E /* RushByRedTests */ = {
			isa = PBXNativeTarget;
			buildConfigurationList = 00E357021AD99517003FC87E /* Build configuration list for PBXNativeTarget "RushByRedTests" */;
			buildPhases = (
				00E356EA1AD99517003FC87E /* Sources */,
				00E356EB1AD99517003FC87E /* Frameworks */,
				00E356EC1AD99517003FC87E /* Resources */,
			);
			buildRules = (
			);
			dependencies = (
				00E356F51AD99517003FC87E /* PBXTargetDependency */,
			);
			name = RushByRedTests;
			productName = RushByRedTests;
			productReference = 00E356EE1AD99517003FC87E /* RushByRedTests.xctest */;
			productType = "com.apple.product-type.bundle.unit-test";
		};
		13B07F861A680F5B00A75B9A /* RushByRed */ = {
			isa = PBXNativeTarget;
			buildConfigurationList = 13B07F931A680F5B00A75B9A /* Build configuration list for PBXNativeTarget "RushByRed" */;
			buildPhases = (
				FD10A7F022414F080027D42C /* Start Packager */,
				13B07F871A680F5B00A75B9A /* Sources */,
				13B07F8C1A680F5B00A75B9A /* Frameworks */,
				13B07F8E1A680F5B00A75B9A /* Resources */,
				00DD1BFF1BD5951E006B06BC /* Bundle React Native code and images */,
			);
			buildRules = (
			);
			dependencies = (
			);
			name = RushByRed;
			productName = RushByRed;
			productReference = 13B07F961A680F5B00A75B9A /* RushByRed.app */;
			productType = "com.apple.product-type.application";
		};
		2D02E47A1E0B4A5D006451C7 /* RushByRed-tvOS */ = {
			isa = PBXNativeTarget;
			buildConfigurationList = 2D02E4BA1E0B4A5E006451C7 /* Build configuration list for PBXNativeTarget "RushByRed-tvOS" */;
			buildPhases = (
				FD10A7F122414F3F0027D42C /* Start Packager */,
				2D02E4771E0B4A5D006451C7 /* Sources */,
				2D02E4781E0B4A5D006451C7 /* Frameworks */,
				2D02E4791E0B4A5D006451C7 /* Resources */,
				2D02E4CB1E0B4B27006451C7 /* Bundle React Native Code And Images */,
			);
			buildRules = (
			);
			dependencies = (
			);
			name = "RushByRed-tvOS";
			productName = "RushByRed-tvOS";
			productReference = 2D02E47B1E0B4A5D006451C7 /* RushByRed-tvOS.app */;
			productType = "com.apple.product-type.application";
		};
		2D02E48F1E0B4A5D006451C7 /* RushByRed-tvOSTests */ = {
			isa = PBXNativeTarget;
			buildConfigurationList = 2D02E4BB1E0B4A5E006451C7 /* Build configuration list for PBXNativeTarget "RushByRed-tvOSTests" */;
			buildPhases = (
				2D02E48C1E0B4A5D006451C7 /* Sources */,
				2D02E48D1E0B4A5D006451C7 /* Frameworks */,
				2D02E48E1E0B4A5D006451C7 /* Resources */,
			);
			buildRules = (
			);
			dependencies = (
				2D02E4921E0B4A5D006451C7 /* PBXTargetDependency */,
			);
			name = "RushByRed-tvOSTests";
			productName = "RushByRed-tvOSTests";
			productReference = 2D02E4901E0B4A5D006451C7 /* RushByRed-tvOSTests.xctest */;
			productType = "com.apple.product-type.bundle.unit-test";
		};
/* End PBXNativeTarget section */

/* Begin PBXProject section */
		83CBB9F71A601CBA00E9B192 /* Project object */ = {
			isa = PBXProject;
			attributes = {
				LastUpgradeCheck = 1130;
				TargetAttributes = {
					00E356ED1AD99517003FC87E = {
						CreatedOnToolsVersion = 6.2;
						TestTargetID = 13B07F861A680F5B00A75B9A;
					};
					13B07F861A680F5B00A75B9A = {
						LastSwiftMigration = 1120;
					};
					2D02E47A1E0B4A5D006451C7 = {
						CreatedOnToolsVersion = 8.2.1;
						ProvisioningStyle = Automatic;
					};
					2D02E48F1E0B4A5D006451C7 = {
						CreatedOnToolsVersion = 8.2.1;
						ProvisioningStyle = Automatic;
						TestTargetID = 2D02E47A1E0B4A5D006451C7;
					};
				};
			};
			buildConfigurationList = 83CBB9FA1A601CBA00E9B192 /* Build configuration list for PBXProject "RushByRed" */;
			compatibilityVersion = "Xcode 3.2";
			developmentRegion = en;
			hasScannedForEncodings = 0;
			knownRegions = (
				en,
				Base,
			);
			mainGroup = 83CBB9F61A601CBA00E9B192;
			productRefGroup = 83CBBA001A601CBA00E9B192 /* Products */;
			projectDirPath = "";
			projectRoot = "";
			targets = (
				13B07F861A680F5B00A75B9A /* RushByRed */,
				00E356ED1AD99517003FC87E /* RushByRedTests */,
				2D02E47A1E0B4A5D006451C7 /* RushByRed-tvOS */,
				2D02E48F1E0B4A5D006451C7 /* RushByRed-tvOSTests */,
			);
		};
/* End PBXProject section */

/* Begin PBXResourcesBuildPhase section */
		00E356EC1AD99517003FC87E /* Resources */ = {
			isa = PBXResourcesBuildPhase;
			buildActionMask = 2147483647;
			files = (
			);
			runOnlyForDeploymentPostprocessing = 0;
		};
		13B07F8E1A680F5B00A75B9A /* Resources */ = {
			isa = PBXResourcesBuildPhase;
			buildActionMask = 2147483647;
			files = (
				81AB9BB82411601600AC10FF /* LaunchScreen.storyboard in Resources */,
				13B07FBF1A68108700A75B9A /* Images.xcassets in Resources */,
				22EEC6D03F8D4B11B1714FA7 /* BebasNeue Bold.otf in Resources */,
				256B41BE8D1A42C996B6E191 /* BebasNeue Book.otf in Resources */,
				B343A0060E424207B0B574FC /* BebasNeue Light.otf in Resources */,
				A52AB8EAC9364C9ABF0D7CF4 /* BebasNeue Regular.otf in Resources */,
				E37CA826CC9941979D1DF21C /* BebasNeue Thin.otf in Resources */,
				199E1782DCB4495193FD49A0 /* Poppins-Black.ttf in Resources */,
				096ED871ECE04BC59094D2EE /* Poppins-BlackItalic.ttf in Resources */,
				50BEF2ED3B174A69B45DA02A /* Poppins-Bold.ttf in Resources */,
				5AF3CB00A3574D26A8CDD525 /* Poppins-BoldItalic.ttf in Resources */,
				CB91C40709734DDF81129E80 /* Poppins-ExtraBold.ttf in Resources */,
				938DC38D1AC14F39BED08C81 /* Poppins-ExtraBoldItalic.ttf in Resources */,
				3FDFB9FB7AC0466889B47F79 /* Poppins-ExtraLight.ttf in Resources */,
				57DF68D2D440469BB1BC6E66 /* Poppins-ExtraLightItalic.ttf in Resources */,
				63116EA9CC404F7BAA0B417B /* Poppins-Italic.ttf in Resources */,
				05ECAD2807FA49318C74CBBB /* Poppins-Light.ttf in Resources */,
				90D36F70BF4640D68A76B165 /* Poppins-LightItalic.ttf in Resources */,
				777AED0F8567415F81691C71 /* Poppins-Medium.ttf in Resources */,
				7F69F1CCDA8447B0BF94FC79 /* Poppins-MediumItalic.ttf in Resources */,
				56B653D38ED84F60AF787D7A /* Poppins-Regular.ttf in Resources */,
				1734BEF54D404DB6A8A7AA59 /* Poppins-SemiBold.ttf in Resources */,
				D83270D7B9DB4F8EA6CB92B6 /* Poppins-SemiBoldItalic.ttf in Resources */,
				5109AA94DE1741149323D74B /* Poppins-Thin.ttf in Resources */,
				941F8083DCC149EFBEF664D0 /* Poppins-ThinItalic.ttf in Resources */,
				FE1E2A38280C4968A062DC02 /* SourceSansPro-Black.ttf in Resources */,
				F0EDDD7734914E058810CC37 /* SourceSansPro-BlackItalic.ttf in Resources */,
				EB9F66D366A744219904E214 /* SourceSansPro-Bold.ttf in Resources */,
				74484BEB34C044698550270E /* SourceSansPro-BoldItalic.ttf in Resources */,
				E214971D739D481BB8DD55BF /* SourceSansPro-ExtraLight.ttf in Resources */,
				681A64FD384E4BC88BD9ACA6 /* SourceSansPro-ExtraLightItalic.ttf in Resources */,
				DB015834CB444E1191B42E83 /* SourceSansPro-Italic.ttf in Resources */,
				90872EC2BFF44C2880154860 /* SourceSansPro-Light.ttf in Resources */,
				9ED761E7B04E4673A9E38370 /* SourceSansPro-LightItalic.ttf in Resources */,
				19B0B6C08F484B7AB60DB991 /* SourceSansPro-Regular.ttf in Resources */,
				36C3342BE2CE4316B079236D /* SourceSansPro-SemiBold.ttf in Resources */,
				FB95860A77474F2C85061114 /* SourceSansPro-SemiBoldItalic.ttf in Resources */,
				2826A0DDDEF4407A94A2A15C /* AntDesign.ttf in Resources */,
				1807FAC1D2264C3A91D3A392 /* Entypo.ttf in Resources */,
				9523E146F3F545298992C097 /* EvilIcons.ttf in Resources */,
				B9DBE8BFFA724D758AFB2986 /* Feather.ttf in Resources */,
				8BA78F33F52141BD8449FA92 /* FontAwesome.ttf in Resources */,
				E15F794607784B8EA8D4E71B /* FontAwesome5_Brands.ttf in Resources */,
				42370AF5981A47D1A45BEA23 /* FontAwesome5_Regular.ttf in Resources */,
				6E760FB9B8444E2FA3EF7D00 /* FontAwesome5_Solid.ttf in Resources */,
				3D249868FF5B447EBDEDC31F /* Fontisto.ttf in Resources */,
				81F7FE076F1C47C88198DA03 /* Foundation.ttf in Resources */,
				23D46006F5B74E27BE9ED719 /* Ionicons.ttf in Resources */,
				CC54C4C118644066A4B89F1D /* MaterialCommunityIcons.ttf in Resources */,
				9BF981DA09E34A339A43FF61 /* MaterialIcons.ttf in Resources */,
				C9299BF94E6A42A8B259B931 /* Octicons.ttf in Resources */,
				A3E037CB74214A24BDC1F604 /* Roboto_medium.ttf in Resources */,
				1229F8AE7A6B4D34B13AAA39 /* Roboto.ttf in Resources */,
				3F9941C938F54D3386576C8D /* rubicon-icon-font.ttf in Resources */,
				791B30F6E5A04251B722B3D8 /* SimpleLineIcons.ttf in Resources */,
				D5E6546A012E468AB3DA5E0E /* Zocial.ttf in Resources */,
			);
			runOnlyForDeploymentPostprocessing = 0;
		};
		2D02E4791E0B4A5D006451C7 /* Resources */ = {
			isa = PBXResourcesBuildPhase;
			buildActionMask = 2147483647;
			files = (
				2D02E4BD1E0B4A84006451C7 /* Images.xcassets in Resources */,
			);
			runOnlyForDeploymentPostprocessing = 0;
		};
		2D02E48E1E0B4A5D006451C7 /* Resources */ = {
			isa = PBXResourcesBuildPhase;
			buildActionMask = 2147483647;
			files = (
			);
			runOnlyForDeploymentPostprocessing = 0;
		};
/* End PBXResourcesBuildPhase section */

/* Begin PBXShellScriptBuildPhase section */
		00DD1BFF1BD5951E006B06BC /* Bundle React Native code and images */ = {
			isa = PBXShellScriptBuildPhase;
			buildActionMask = 2147483647;
			files = (
			);
			inputPaths = (
			);
			name = "Bundle React Native code and images";
			outputPaths = (
			);
			runOnlyForDeploymentPostprocessing = 0;
			shellPath = /bin/sh;
			shellScript = "export NODE_BINARY=node\n../node_modules/react-native/scripts/react-native-xcode.sh";
		};
		2D02E4CB1E0B4B27006451C7 /* Bundle React Native Code And Images */ = {
			isa = PBXShellScriptBuildPhase;
			buildActionMask = 2147483647;
			files = (
			);
			inputPaths = (
			);
			name = "Bundle React Native Code And Images";
			outputPaths = (
			);
			runOnlyForDeploymentPostprocessing = 0;
			shellPath = /bin/sh;
			shellScript = "export NODE_BINARY=node\n../node_modules/react-native/scripts/react-native-xcode.sh";
		};
		FD10A7F022414F080027D42C /* Start Packager */ = {
			isa = PBXShellScriptBuildPhase;
			buildActionMask = 2147483647;
			files = (
			);
			inputFileListPaths = (
			);
			inputPaths = (
			);
			name = "Start Packager";
			outputFileListPaths = (
			);
			outputPaths = (
			);
			runOnlyForDeploymentPostprocessing = 0;
			shellPath = /bin/sh;
			shellScript = "export RCT_METRO_PORT=\"${RCT_METRO_PORT:=8081}\"\necho \"export RCT_METRO_PORT=${RCT_METRO_PORT}\" > \"${SRCROOT}/../node_modules/react-native/scripts/.packager.env\"\nif [ -z \"${RCT_NO_LAUNCH_PACKAGER+xxx}\" ] ; then\n  if nc -w 5 -z localhost ${RCT_METRO_PORT} ; then\n    if ! curl -s \"http://localhost:${RCT_METRO_PORT}/status\" | grep -q \"packager-status:running\" ; then\n      echo \"Port ${RCT_METRO_PORT} already in use, packager is either not running or not running correctly\"\n      exit 2\n    fi\n  else\n    open \"$SRCROOT/../node_modules/react-native/scripts/launchPackager.command\" || echo \"Can't start packager automatically\"\n  fi\nfi\n";
			showEnvVarsInLog = 0;
		};
		FD10A7F122414F3F0027D42C /* Start Packager */ = {
			isa = PBXShellScriptBuildPhase;
			buildActionMask = 2147483647;
			files = (
			);
			inputFileListPaths = (
			);
			inputPaths = (
			);
			name = "Start Packager";
			outputFileListPaths = (
			);
			outputPaths = (
			);
			runOnlyForDeploymentPostprocessing = 0;
			shellPath = /bin/sh;
			shellScript = "export RCT_METRO_PORT=\"${RCT_METRO_PORT:=8081}\"\necho \"export RCT_METRO_PORT=${RCT_METRO_PORT}\" > \"${SRCROOT}/../node_modules/react-native/scripts/.packager.env\"\nif [ -z \"${RCT_NO_LAUNCH_PACKAGER+xxx}\" ] ; then\n  if nc -w 5 -z localhost ${RCT_METRO_PORT} ; then\n    if ! curl -s \"http://localhost:${RCT_METRO_PORT}/status\" | grep -q \"packager-status:running\" ; then\n      echo \"Port ${RCT_METRO_PORT} already in use, packager is either not running or not running correctly\"\n      exit 2\n    fi\n  else\n    open \"$SRCROOT/../node_modules/react-native/scripts/launchPackager.command\" || echo \"Can't start packager automatically\"\n  fi\nfi\n";
			showEnvVarsInLog = 0;
		};
/* End PBXShellScriptBuildPhase section */

/* Begin PBXSourcesBuildPhase section */
		00E356EA1AD99517003FC87E /* Sources */ = {
			isa = PBXSourcesBuildPhase;
			buildActionMask = 2147483647;
			files = (
				00E356F31AD99517003FC87E /* RushByRedTests.m in Sources */,
			);
			runOnlyForDeploymentPostprocessing = 0;
		};
		13B07F871A680F5B00A75B9A /* Sources */ = {
			isa = PBXSourcesBuildPhase;
			buildActionMask = 2147483647;
			files = (
				13B07FBC1A68108700A75B9A /* AppDelegate.m in Sources */,
				13B07FC11A68108700A75B9A /* main.m in Sources */,
			);
			runOnlyForDeploymentPostprocessing = 0;
		};
		2D02E4771E0B4A5D006451C7 /* Sources */ = {
			isa = PBXSourcesBuildPhase;
			buildActionMask = 2147483647;
			files = (
				2D02E4BF1E0B4AB3006451C7 /* main.m in Sources */,
				2D02E4BC1E0B4A80006451C7 /* AppDelegate.m in Sources */,
			);
			runOnlyForDeploymentPostprocessing = 0;
		};
		2D02E48C1E0B4A5D006451C7 /* Sources */ = {
			isa = PBXSourcesBuildPhase;
			buildActionMask = 2147483647;
			files = (
				2DCD954D1E0B4F2C00145EB5 /* RushByRedTests.m in Sources */,
			);
			runOnlyForDeploymentPostprocessing = 0;
		};
/* End PBXSourcesBuildPhase section */

/* Begin PBXTargetDependency section */
		00E356F51AD99517003FC87E /* PBXTargetDependency */ = {
			isa = PBXTargetDependency;
			target = 13B07F861A680F5B00A75B9A /* RushByRed */;
			targetProxy = 00E356F41AD99517003FC87E /* PBXContainerItemProxy */;
		};
		2D02E4921E0B4A5D006451C7 /* PBXTargetDependency */ = {
			isa = PBXTargetDependency;
			target = 2D02E47A1E0B4A5D006451C7 /* RushByRed-tvOS */;
			targetProxy = 2D02E4911E0B4A5D006451C7 /* PBXContainerItemProxy */;
		};
/* End PBXTargetDependency section */

/* Begin XCBuildConfiguration section */
		00E356F61AD99517003FC87E /* Debug */ = {
			isa = XCBuildConfiguration;
			buildSettings = {
				BUNDLE_LOADER = "$(TEST_HOST)";
				GCC_PREPROCESSOR_DEFINITIONS = (
					"DEBUG=1",
					"$(inherited)",
				);
				INFOPLIST_FILE = RushByRedTests/Info.plist;
				IPHONEOS_DEPLOYMENT_TARGET = 10.0;
				LD_RUNPATH_SEARCH_PATHS = "$(inherited) @executable_path/Frameworks @loader_path/Frameworks";
				OTHER_LDFLAGS = (
					"-ObjC",
					"-lc++",
					"$(inherited)",
				);
				PRODUCT_BUNDLE_IDENTIFIER = "org.reactjs.native.example.$(PRODUCT_NAME:rfc1034identifier)";
				PRODUCT_NAME = "$(TARGET_NAME)";
				TEST_HOST = "$(BUILT_PRODUCTS_DIR)/RushByRed.app/RushByRed";
			};
			name = Debug;
		};
		00E356F71AD99517003FC87E /* Release */ = {
			isa = XCBuildConfiguration;
			buildSettings = {
				BUNDLE_LOADER = "$(TEST_HOST)";
				COPY_PHASE_STRIP = NO;
				INFOPLIST_FILE = RushByRedTests/Info.plist;
				IPHONEOS_DEPLOYMENT_TARGET = 10.0;
				LD_RUNPATH_SEARCH_PATHS = "$(inherited) @executable_path/Frameworks @loader_path/Frameworks";
				OTHER_LDFLAGS = (
					"-ObjC",
					"-lc++",
					"$(inherited)",
				);
				PRODUCT_BUNDLE_IDENTIFIER = "org.reactjs.native.example.$(PRODUCT_NAME:rfc1034identifier)";
				PRODUCT_NAME = "$(TARGET_NAME)";
				TEST_HOST = "$(BUILT_PRODUCTS_DIR)/RushByRed.app/RushByRed";
			};
			name = Release;
		};
		13B07F941A680F5B00A75B9A /* Debug */ = {
			isa = XCBuildConfiguration;
			buildSettings = {
				ASSETCATALOG_COMPILER_APPICON_NAME = AppIcon;
				CLANG_ENABLE_MODULES = YES;
				CURRENT_PROJECT_VERSION = 1;
				ENABLE_BITCODE = NO;
				INFOPLIST_FILE = RushByRed/Info.plist;
				LD_RUNPATH_SEARCH_PATHS = "$(inherited) @executable_path/Frameworks";
				OTHER_LDFLAGS = (
					"$(inherited)",
					"-ObjC",
					"-lc++",
				);
				PRODUCT_BUNDLE_IDENTIFIER = "org.reactjs.native.example.$(PRODUCT_NAME:rfc1034identifier)";
				PRODUCT_NAME = RushByRed;
				SWIFT_OPTIMIZATION_LEVEL = "-Onone";
				SWIFT_VERSION = 5.0;
				VERSIONING_SYSTEM = "apple-generic";
			};
			name = Debug;
		};
		13B07F951A680F5B00A75B9A /* Release */ = {
			isa = XCBuildConfiguration;
			buildSettings = {
				ASSETCATALOG_COMPILER_APPICON_NAME = AppIcon;
				CLANG_ENABLE_MODULES = YES;
				CURRENT_PROJECT_VERSION = 1;
				INFOPLIST_FILE = RushByRed/Info.plist;
				LD_RUNPATH_SEARCH_PATHS = "$(inherited) @executable_path/Frameworks";
				OTHER_LDFLAGS = (
					"$(inherited)",
					"-ObjC",
					"-lc++",
				);
				PRODUCT_BUNDLE_IDENTIFIER = "org.reactjs.native.example.$(PRODUCT_NAME:rfc1034identifier)";
				PRODUCT_NAME = RushByRed;
				SWIFT_VERSION = 5.0;
				VERSIONING_SYSTEM = "apple-generic";
			};
			name = Release;
		};
		2D02E4971E0B4A5E006451C7 /* Debug */ = {
			isa = XCBuildConfiguration;
			buildSettings = {
				ASSETCATALOG_COMPILER_APPICON_NAME = "App Icon & Top Shelf Image";
				ASSETCATALOG_COMPILER_LAUNCHIMAGE_NAME = LaunchImage;
				CLANG_ANALYZER_NONNULL = YES;
				CLANG_WARN_DOCUMENTATION_COMMENTS = YES;
				CLANG_WARN_INFINITE_RECURSION = YES;
				CLANG_WARN_SUSPICIOUS_MOVE = YES;
				DEBUG_INFORMATION_FORMAT = dwarf;
				ENABLE_TESTABILITY = YES;
				GCC_NO_COMMON_BLOCKS = YES;
				INFOPLIST_FILE = "RushByRed-tvOS/Info.plist";
				LD_RUNPATH_SEARCH_PATHS = "$(inherited) @executable_path/Frameworks";
				OTHER_LDFLAGS = (
					"$(inherited)",
					"-ObjC",
					"-lc++",
				);
				PRODUCT_BUNDLE_IDENTIFIER = "org.reactjs.native.example.RushByRed-tvOS";
				PRODUCT_NAME = "$(TARGET_NAME)";
				SDKROOT = appletvos;
				TARGETED_DEVICE_FAMILY = 3;
				TVOS_DEPLOYMENT_TARGET = 10.0;
			};
			name = Debug;
		};
		2D02E4981E0B4A5E006451C7 /* Release */ = {
			isa = XCBuildConfiguration;
			buildSettings = {
				ASSETCATALOG_COMPILER_APPICON_NAME = "App Icon & Top Shelf Image";
				ASSETCATALOG_COMPILER_LAUNCHIMAGE_NAME = LaunchImage;
				CLANG_ANALYZER_NONNULL = YES;
				CLANG_WARN_DOCUMENTATION_COMMENTS = YES;
				CLANG_WARN_INFINITE_RECURSION = YES;
				CLANG_WARN_SUSPICIOUS_MOVE = YES;
				COPY_PHASE_STRIP = NO;
				DEBUG_INFORMATION_FORMAT = "dwarf-with-dsym";
				GCC_NO_COMMON_BLOCKS = YES;
				INFOPLIST_FILE = "RushByRed-tvOS/Info.plist";
				LD_RUNPATH_SEARCH_PATHS = "$(inherited) @executable_path/Frameworks";
				OTHER_LDFLAGS = (
					"$(inherited)",
					"-ObjC",
					"-lc++",
				);
				PRODUCT_BUNDLE_IDENTIFIER = "org.reactjs.native.example.RushByRed-tvOS";
				PRODUCT_NAME = "$(TARGET_NAME)";
				SDKROOT = appletvos;
				TARGETED_DEVICE_FAMILY = 3;
				TVOS_DEPLOYMENT_TARGET = 10.0;
			};
			name = Release;
		};
		2D02E4991E0B4A5E006451C7 /* Debug */ = {
			isa = XCBuildConfiguration;
			buildSettings = {
				BUNDLE_LOADER = "$(TEST_HOST)";
				CLANG_ANALYZER_NONNULL = YES;
				CLANG_WARN_DOCUMENTATION_COMMENTS = YES;
				CLANG_WARN_INFINITE_RECURSION = YES;
				CLANG_WARN_SUSPICIOUS_MOVE = YES;
				DEBUG_INFORMATION_FORMAT = dwarf;
				ENABLE_TESTABILITY = YES;
				GCC_NO_COMMON_BLOCKS = YES;
				INFOPLIST_FILE = "RushByRed-tvOSTests/Info.plist";
				LD_RUNPATH_SEARCH_PATHS = "$(inherited) @executable_path/Frameworks @loader_path/Frameworks";
				OTHER_LDFLAGS = (
					"$(inherited)",
					"-ObjC",
					"-lc++",
				);
				PRODUCT_BUNDLE_IDENTIFIER = "org.reactjs.native.example.RushByRed-tvOSTests";
				PRODUCT_NAME = "$(TARGET_NAME)";
				SDKROOT = appletvos;
				TEST_HOST = "$(BUILT_PRODUCTS_DIR)/RushByRed-tvOS.app/RushByRed-tvOS";
				TVOS_DEPLOYMENT_TARGET = 10.1;
			};
			name = Debug;
		};
		2D02E49A1E0B4A5E006451C7 /* Release */ = {
			isa = XCBuildConfiguration;
			buildSettings = {
				BUNDLE_LOADER = "$(TEST_HOST)";
				CLANG_ANALYZER_NONNULL = YES;
				CLANG_WARN_DOCUMENTATION_COMMENTS = YES;
				CLANG_WARN_INFINITE_RECURSION = YES;
				CLANG_WARN_SUSPICIOUS_MOVE = YES;
				COPY_PHASE_STRIP = NO;
				DEBUG_INFORMATION_FORMAT = "dwarf-with-dsym";
				GCC_NO_COMMON_BLOCKS = YES;
				INFOPLIST_FILE = "RushByRed-tvOSTests/Info.plist";
				LD_RUNPATH_SEARCH_PATHS = "$(inherited) @executable_path/Frameworks @loader_path/Frameworks";
				OTHER_LDFLAGS = (
					"$(inherited)",
					"-ObjC",
					"-lc++",
				);
				PRODUCT_BUNDLE_IDENTIFIER = "org.reactjs.native.example.RushByRed-tvOSTests";
				PRODUCT_NAME = "$(TARGET_NAME)";
				SDKROOT = appletvos;
				TEST_HOST = "$(BUILT_PRODUCTS_DIR)/RushByRed-tvOS.app/RushByRed-tvOS";
				TVOS_DEPLOYMENT_TARGET = 10.1;
			};
			name = Release;
		};
		83CBBA201A601CBA00E9B192 /* Debug */ = {
			isa = XCBuildConfiguration;
			buildSettings = {
				ALWAYS_SEARCH_USER_PATHS = NO;
				CLANG_ANALYZER_LOCALIZABILITY_NONLOCALIZED = YES;
				CLANG_CXX_LANGUAGE_STANDARD = "gnu++0x";
				CLANG_CXX_LIBRARY = "libc++";
				CLANG_ENABLE_MODULES = YES;
				CLANG_ENABLE_OBJC_ARC = YES;
				CLANG_WARN_BLOCK_CAPTURE_AUTORELEASING = YES;
				CLANG_WARN_BOOL_CONVERSION = YES;
				CLANG_WARN_COMMA = YES;
				CLANG_WARN_CONSTANT_CONVERSION = YES;
				CLANG_WARN_DEPRECATED_OBJC_IMPLEMENTATIONS = YES;
				CLANG_WARN_DIRECT_OBJC_ISA_USAGE = YES_ERROR;
				CLANG_WARN_EMPTY_BODY = YES;
				CLANG_WARN_ENUM_CONVERSION = YES;
				CLANG_WARN_INFINITE_RECURSION = YES;
				CLANG_WARN_INT_CONVERSION = YES;
				CLANG_WARN_NON_LITERAL_NULL_CONVERSION = YES;
				CLANG_WARN_OBJC_IMPLICIT_RETAIN_SELF = YES;
				CLANG_WARN_OBJC_LITERAL_CONVERSION = YES;
				CLANG_WARN_OBJC_ROOT_CLASS = YES_ERROR;
				CLANG_WARN_RANGE_LOOP_ANALYSIS = YES;
				CLANG_WARN_STRICT_PROTOTYPES = YES;
				CLANG_WARN_SUSPICIOUS_MOVE = YES;
				CLANG_WARN_UNREACHABLE_CODE = YES;
				CLANG_WARN__DUPLICATE_METHOD_MATCH = YES;
				"CODE_SIGN_IDENTITY[sdk=iphoneos*]" = "iPhone Developer";
				COPY_PHASE_STRIP = NO;
				ENABLE_STRICT_OBJC_MSGSEND = YES;
				ENABLE_TESTABILITY = YES;
				GCC_C_LANGUAGE_STANDARD = gnu99;
				GCC_DYNAMIC_NO_PIC = NO;
				GCC_NO_COMMON_BLOCKS = YES;
				GCC_OPTIMIZATION_LEVEL = 0;
				GCC_PREPROCESSOR_DEFINITIONS = (
					"DEBUG=1",
					"$(inherited)",
				);
				GCC_SYMBOLS_PRIVATE_EXTERN = NO;
				GCC_WARN_64_TO_32_BIT_CONVERSION = YES;
				GCC_WARN_ABOUT_RETURN_TYPE = YES_ERROR;
				GCC_WARN_UNDECLARED_SELECTOR = YES;
				GCC_WARN_UNINITIALIZED_AUTOS = YES_AGGRESSIVE;
				GCC_WARN_UNUSED_FUNCTION = YES;
				GCC_WARN_UNUSED_VARIABLE = YES;
				IPHONEOS_DEPLOYMENT_TARGET = 10.0;
				LD_RUNPATH_SEARCH_PATHS = "/usr/lib/swift $(inherited)";
				LIBRARY_SEARCH_PATHS = (
					"\"$(TOOLCHAIN_DIR)/usr/lib/swift/$(PLATFORM_NAME)\"",
					"\"$(TOOLCHAIN_DIR)/usr/lib/swift-5.0/$(PLATFORM_NAME)\"",
					"\"$(inherited)\"",
				);
				MTL_ENABLE_DEBUG_INFO = YES;
				ONLY_ACTIVE_ARCH = YES;
				SDKROOT = iphoneos;
			};
			name = Debug;
		};
		83CBBA211A601CBA00E9B192 /* Release */ = {
			isa = XCBuildConfiguration;
			buildSettings = {
				ALWAYS_SEARCH_USER_PATHS = NO;
				CLANG_ANALYZER_LOCALIZABILITY_NONLOCALIZED = YES;
				CLANG_CXX_LANGUAGE_STANDARD = "gnu++0x";
				CLANG_CXX_LIBRARY = "libc++";
				CLANG_ENABLE_MODULES = YES;
				CLANG_ENABLE_OBJC_ARC = YES;
				CLANG_WARN_BLOCK_CAPTURE_AUTORELEASING = YES;
				CLANG_WARN_BOOL_CONVERSION = YES;
				CLANG_WARN_COMMA = YES;
				CLANG_WARN_CONSTANT_CONVERSION = YES;
				CLANG_WARN_DEPRECATED_OBJC_IMPLEMENTATIONS = YES;
				CLANG_WARN_DIRECT_OBJC_ISA_USAGE = YES_ERROR;
				CLANG_WARN_EMPTY_BODY = YES;
				CLANG_WARN_ENUM_CONVERSION = YES;
				CLANG_WARN_INFINITE_RECURSION = YES;
				CLANG_WARN_INT_CONVERSION = YES;
				CLANG_WARN_NON_LITERAL_NULL_CONVERSION = YES;
				CLANG_WARN_OBJC_IMPLICIT_RETAIN_SELF = YES;
				CLANG_WARN_OBJC_LITERAL_CONVERSION = YES;
				CLANG_WARN_OBJC_ROOT_CLASS = YES_ERROR;
				CLANG_WARN_RANGE_LOOP_ANALYSIS = YES;
				CLANG_WARN_STRICT_PROTOTYPES = YES;
				CLANG_WARN_SUSPICIOUS_MOVE = YES;
				CLANG_WARN_UNREACHABLE_CODE = YES;
				CLANG_WARN__DUPLICATE_METHOD_MATCH = YES;
				"CODE_SIGN_IDENTITY[sdk=iphoneos*]" = "iPhone Developer";
				COPY_PHASE_STRIP = YES;
				ENABLE_NS_ASSERTIONS = NO;
				ENABLE_STRICT_OBJC_MSGSEND = YES;
				GCC_C_LANGUAGE_STANDARD = gnu99;
				GCC_NO_COMMON_BLOCKS = YES;
				GCC_WARN_64_TO_32_BIT_CONVERSION = YES;
				GCC_WARN_ABOUT_RETURN_TYPE = YES_ERROR;
				GCC_WARN_UNDECLARED_SELECTOR = YES;
				GCC_WARN_UNINITIALIZED_AUTOS = YES_AGGRESSIVE;
				GCC_WARN_UNUSED_FUNCTION = YES;
				GCC_WARN_UNUSED_VARIABLE = YES;
				IPHONEOS_DEPLOYMENT_TARGET = 10.0;
				LD_RUNPATH_SEARCH_PATHS = "/usr/lib/swift $(inherited)";
				LIBRARY_SEARCH_PATHS = (
					"\"$(TOOLCHAIN_DIR)/usr/lib/swift/$(PLATFORM_NAME)\"",
					"\"$(TOOLCHAIN_DIR)/usr/lib/swift-5.0/$(PLATFORM_NAME)\"",
					"\"$(inherited)\"",
				);
				MTL_ENABLE_DEBUG_INFO = NO;
				SDKROOT = iphoneos;
				VALIDATE_PRODUCT = YES;
			};
			name = Release;
		};
/* End XCBuildConfiguration section */

/* Begin XCConfigurationList section */
		00E357021AD99517003FC87E /* Build configuration list for PBXNativeTarget "RushByRedTests" */ = {
			isa = XCConfigurationList;
			buildConfigurations = (
				00E356F61AD99517003FC87E /* Debug */,
				00E356F71AD99517003FC87E /* Release */,
			);
			defaultConfigurationIsVisible = 0;
			defaultConfigurationName = Release;
		};
		13B07F931A680F5B00A75B9A /* Build configuration list for PBXNativeTarget "RushByRed" */ = {
			isa = XCConfigurationList;
			buildConfigurations = (
				13B07F941A680F5B00A75B9A /* Debug */,
				13B07F951A680F5B00A75B9A /* Release */,
			);
			defaultConfigurationIsVisible = 0;
			defaultConfigurationName = Release;
		};
		2D02E4BA1E0B4A5E006451C7 /* Build configuration list for PBXNativeTarget "RushByRed-tvOS" */ = {
			isa = XCConfigurationList;
			buildConfigurations = (
				2D02E4971E0B4A5E006451C7 /* Debug */,
				2D02E4981E0B4A5E006451C7 /* Release */,
			);
			defaultConfigurationIsVisible = 0;
			defaultConfigurationName = Release;
		};
		2D02E4BB1E0B4A5E006451C7 /* Build configuration list for PBXNativeTarget "RushByRed-tvOSTests" */ = {
			isa = XCConfigurationList;
			buildConfigurations = (
				2D02E4991E0B4A5E006451C7 /* Debug */,
				2D02E49A1E0B4A5E006451C7 /* Release */,
			);
			defaultConfigurationIsVisible = 0;
			defaultConfigurationName = Release;
		};
		83CBB9FA1A601CBA00E9B192 /* Build configuration list for PBXProject "RushByRed" */ = {
			isa = XCConfigurationList;
			buildConfigurations = (
				83CBBA201A601CBA00E9B192 /* Debug */,
				83CBBA211A601CBA00E9B192 /* Release */,
			);
			defaultConfigurationIsVisible = 0;
			defaultConfigurationName = Release;
		};
/* End XCConfigurationList section */
	};
	rootObject = 83CBB9F71A601CBA00E9B192 /* Project object */;
}
